
Microsoft Visual Studio Solution File, Format Version 12.00
# Visual Studio Version 17
VisualStudioVersion = 17.13.35617.110 d17.13
MinimumVisualStudioVersion = 10.0.40219.1
Project("{FAE04EC0-301F-11D3-BF4B-00C04F79EFBC}") = "UP02.01.2025", "UP02.01.2025\UP02.01.2025.csproj", "{099913EC-8CC3-4AC6-9832-3EEC2994E6DF}"
EndProject
Global
	GlobalSection(SolutionConfigurationPlatforms) = preSolution
		Debug|Any CPU = Debug|Any CPU
		Release|Any CPU = Release|Any CPU
	EndGlobalSection
	GlobalSection(ProjectConfigurationPlatforms) = postSolution
		{099913EC-8CC3-4AC6-9832-3EEC2994E6DF}.Debug|Any CPU.ActiveCfg = Debug|Any CPU
		{099913EC-8CC3-4AC6-9832-3EEC2994E6DF}.Debug|Any CPU.Build.0 = Debug|Any CPU
		{099913EC-8CC3-4AC6-9832-3EEC2994E6DF}.Release|Any CPU.ActiveCfg = Release|Any CPU
		{099913EC-8CC3-4AC6-9832-3EEC2994E6DF}.Release|Any CPU.Build.0 = Release|Any CPU
	EndGlobalSection
	GlobalSection(SolutionProperties) = preSolution
		HideSolutionNode = FALSE
	EndGlobalSection
	GlobalSection(ExtensibilityGlobals) = postSolution
		SolutionGuid = {4FE23E0A-FF47-4B9B-A572-9FDE35512089}
	EndGlobalSection
EndGlobal
